
Microsoft Visual Studio Solution File, Format Version 12.00
# Visual Studio Version 17
VisualStudioVersion = 17.6.33723.286
MinimumVisualStudioVersion = 10.0.40219.1
Project("{FAE04EC0-301F-11D3-BF4B-00C04F79EFBC}") = "ProjectApi", "ProjectApi\ProjectApi.csproj", "{A9798774-0982-4C7F-B6DF-412A5D14E333}"
EndProject
Global
	GlobalSection(SolutionConfigurationPlatforms) = preSolution
		Debug|Any CPU = Debug|Any CPU
		Release|Any CPU = Release|Any CPU
	EndGlobalSection
	GlobalSection(ProjectConfigurationPlatforms) = postSolution
		{A9798774-0982-4C7F-B6DF-412A5D14E333}.Debug|Any CPU.ActiveCfg = Debug|Any CPU
		{A9798774-0982-4C7F-B6DF-412A5D14E333}.Debug|Any CPU.Build.0 = Debug|Any CPU
		{A9798774-0982-4C7F-B6DF-412A5D14E333}.Release|Any CPU.ActiveCfg = Release|Any CPU
		{A9798774-0982-4C7F-B6DF-412A5D14E333}.Release|Any CPU.Build.0 = Release|Any CPU
	EndGlobalSection
	GlobalSection(SolutionProperties) = preSolution
		HideSolutionNode = FALSE
	EndGlobalSection
	GlobalSection(ExtensibilityGlobals) = postSolution
		SolutionGuid = {ABDBA12B-D0B9-4EA0-8380-45DC74653010}
	EndGlobalSection
EndGlobal
